
Microsoft Visual Studio Solution File, Format Version 12.00
# Visual Studio Version 16
VisualStudioVersion = 16.0.31729.503
MinimumVisualStudioVersion = 10.0.40219.1
Project("{FAE04EC0-301F-11D3-BF4B-00C04F79EFBC}") = "ProgressBar_BackGroundProcess", "ProgressBar_BackGroundProcess\ProgressBar_BackGroundProcess.csproj", "{9883AA50-CBC0-46B4-9D13-9F0702613EF7}"
EndProject
Global
	GlobalSection(SolutionConfigurationPlatforms) = preSolution
		Debug|Any CPU = Debug|Any CPU
		Release|Any CPU = Release|Any CPU
	EndGlobalSection
	GlobalSection(ProjectConfigurationPlatforms) = postSolution
		{9883AA50-CBC0-46B4-9D13-9F0702613EF7}.Debug|Any CPU.ActiveCfg = Debug|Any CPU
		{9883AA50-CBC0-46B4-9D13-9F0702613EF7}.Debug|Any CPU.Build.0 = Debug|Any CPU
		{9883AA50-CBC0-46B4-9D13-9F0702613EF7}.Release|Any CPU.ActiveCfg = Release|Any CPU
		{9883AA50-CBC0-46B4-9D13-9F0702613EF7}.Release|Any CPU.Build.0 = Release|Any CPU
	EndGlobalSection
	GlobalSection(SolutionProperties) = preSolution
		HideSolutionNode = FALSE
	EndGlobalSection
	GlobalSection(ExtensibilityGlobals) = postSolution
		SolutionGuid = {DF00838C-FC25-49C3-9344-A2A522E2A695}
	EndGlobalSection
EndGlobal
